
Microsoft Visual Studio Solution File, Format Version 12.00
# Visual Studio Version 16
VisualStudioVersion = 16.0.29230.47
MinimumVisualStudioVersion = 10.0.40219.1
Project("{8BC9CEB8-8B4A-11D0-8D11-00A0C91BC942}") = "Engine", "Engine\Engine.vcxproj", "{3C513FF9-5493-4F11-8007-B53EC1D887BE}"
	ProjectSection(ProjectDependencies) = postProject
		{4922341B-1ADE-4B56-B804-222D003A5557} = {4922341B-1ADE-4B56-B804-222D003A5557}
	EndProjectSection
EndProject
Project("{8BC9CEB8-8B4A-11D0-8D11-00A0C91BC942}") = "Editor", "Editor\Editor.vcxproj", "{24DE42B8-77F8-4500-9C14-3AE466DAF811}"
	ProjectSection(ProjectDependencies) = postProject
		{4922341B-1ADE-4B56-B804-222D003A5557} = {4922341B-1ADE-4B56-B804-222D003A5557}
		{3C513FF9-5493-4F11-8007-B53EC1D887BE} = {3C513FF9-5493-4F11-8007-B53EC1D887BE}
	EndProjectSection
EndProject
Project("{8BC9CEB8-8B4A-11D0-8D11-00A0C91BC942}") = "TracyClient", "TracyClient\TracyClient.vcxproj", "{4922341B-1ADE-4B56-B804-222D003A5557}"
EndProject
Project("{8BC9CEB8-8B4A-11D0-8D11-00A0C91BC942}") = "Executable", "Executable\Executable.vcxproj", "{19DD3F8A-52AD-49F0-B847-A6A7B6A11870}"
EndProject
Project("{8BC9CEB8-8B4A-11D0-8D11-00A0C91BC942}") = "Game", "Game\Game.vcxproj", "{A38BF644-0072-48B5-9B21-2A04E6EBB05C}"
EndProject
Global
	GlobalSection(SolutionConfigurationPlatforms) = preSolution
		Debug|x64 = Debug|x64
		Debug|x86 = Debug|x86
		Release|x64 = Release|x64
		Release|x86 = Release|x86
		Tracy|x64 = Tracy|x64
		Tracy|x86 = Tracy|x86
	EndGlobalSection
	GlobalSection(ProjectConfigurationPlatforms) = postSolution
		{3C513FF9-5493-4F11-8007-B53EC1D887BE}.Debug|x64.ActiveCfg = Debug|x64
		{3C513FF9-5493-4F11-8007-B53EC1D887BE}.Debug|x64.Build.0 = Debug|x64
		{3C513FF9-5493-4F11-8007-B53EC1D887BE}.Debug|x86.ActiveCfg = Debug|Win32
		{3C513FF9-5493-4F11-8007-B53EC1D887BE}.Debug|x86.Build.0 = Debug|Win32
		{3C513FF9-5493-4F11-8007-B53EC1D887BE}.Release|x64.ActiveCfg = Release|x64
		{3C513FF9-5493-4F11-8007-B53EC1D887BE}.Release|x64.Build.0 = Release|x64
		{3C513FF9-5493-4F11-8007-B53EC1D887BE}.Release|x86.ActiveCfg = Release|Win32
		{3C513FF9-5493-4F11-8007-B53EC1D887BE}.Release|x86.Build.0 = Release|Win32
		{3C513FF9-5493-4F11-8007-B53EC1D887BE}.Tracy|x64.ActiveCfg = Tracy|x64
		{3C513FF9-5493-4F11-8007-B53EC1D887BE}.Tracy|x64.Build.0 = Tracy|x64
		{3C513FF9-5493-4F11-8007-B53EC1D887BE}.Tracy|x86.ActiveCfg = Tracy|Win32
		{3C513FF9-5493-4F11-8007-B53EC1D887BE}.Tracy|x86.Build.0 = Tracy|Win32
		{24DE42B8-77F8-4500-9C14-3AE466DAF811}.Debug|x64.ActiveCfg = Debug|x64
		{24DE42B8-77F8-4500-9C14-3AE466DAF811}.Debug|x64.Build.0 = Debug|x64
		{24DE42B8-77F8-4500-9C14-3AE466DAF811}.Debug|x86.ActiveCfg = Debug|Win32
		{24DE42B8-77F8-4500-9C14-3AE466DAF811}.Debug|x86.Build.0 = Debug|Win32
		{24DE42B8-77F8-4500-9C14-3AE466DAF811}.Release|x64.ActiveCfg = Release|x64
		{24DE42B8-77F8-4500-9C14-3AE466DAF811}.Release|x64.Build.0 = Release|x64
		{24DE42B8-77F8-4500-9C14-3AE466DAF811}.Release|x86.ActiveCfg = Release|Win32
		{24DE42B8-77F8-4500-9C14-3AE466DAF811}.Release|x86.Build.0 = Release|Win32
		{24DE42B8-77F8-4500-9C14-3AE466DAF811}.Tracy|x64.ActiveCfg = Tracy|x64
		{24DE42B8-77F8-4500-9C14-3AE466DAF811}.Tracy|x64.Build.0 = Tracy|x64
		{24DE42B8-77F8-4500-9C14-3AE466DAF811}.Tracy|x86.ActiveCfg = Tracy|Win32
		{24DE42B8-77F8-4500-9C14-3AE466DAF811}.Tracy|x86.Build.0 = Tracy|Win32
		{4922341B-1ADE-4B56-B804-222D003A5557}.Debug|x64.ActiveCfg = Tracy|x64
		{4922341B-1ADE-4B56-B804-222D003A5557}.Debug|x86.ActiveCfg = Tracy|Win32
		{4922341B-1ADE-4B56-B804-222D003A5557}.Debug|x86.Build.0 = Tracy|Win32
		{4922341B-1ADE-4B56-B804-222D003A5557}.Release|x64.ActiveCfg = Tracy|x64
		{4922341B-1ADE-4B56-B804-222D003A5557}.Release|x86.ActiveCfg = Tracy|Win32
		{4922341B-1ADE-4B56-B804-222D003A5557}.Release|x86.Build.0 = Tracy|Win32
		{4922341B-1ADE-4B56-B804-222D003A5557}.Tracy|x64.ActiveCfg = Tracy|x64
		{4922341B-1ADE-4B56-B804-222D003A5557}.Tracy|x64.Build.0 = Tracy|x64
		{4922341B-1ADE-4B56-B804-222D003A5557}.Tracy|x86.ActiveCfg = Tracy|Win32
		{4922341B-1ADE-4B56-B804-222D003A5557}.Tracy|x86.Build.0 = Tracy|Win32
		{19DD3F8A-52AD-49F0-B847-A6A7B6A11870}.Debug|x64.ActiveCfg = Debug|x64
		{19DD3F8A-52AD-49F0-B847-A6A7B6A11870}.Debug|x64.Build.0 = Debug|x64
		{19DD3F8A-52AD-49F0-B847-A6A7B6A11870}.Debug|x86.ActiveCfg = Debug|Win32
		{19DD3F8A-52AD-49F0-B847-A6A7B6A11870}.Debug|x86.Build.0 = Debug|Win32
		{19DD3F8A-52AD-49F0-B847-A6A7B6A11870}.Release|x64.ActiveCfg = Release|x64
		{19DD3F8A-52AD-49F0-B847-A6A7B6A11870}.Release|x64.Build.0 = Release|x64
		{19DD3F8A-52AD-49F0-B847-A6A7B6A11870}.Release|x86.ActiveCfg = Release|Win32
		{19DD3F8A-52AD-49F0-B847-A6A7B6A11870}.Release|x86.Build.0 = Release|Win32
		{19DD3F8A-52AD-49F0-B847-A6A7B6A11870}.Tracy|x64.ActiveCfg = Release|x64
		{19DD3F8A-52AD-49F0-B847-A6A7B6A11870}.Tracy|x64.Build.0 = Release|x64
		{19DD3F8A-52AD-49F0-B847-A6A7B6A11870}.Tracy|x86.ActiveCfg = Release|Win32
		{19DD3F8A-52AD-49F0-B847-A6A7B6A11870}.Tracy|x86.Build.0 = Release|Win32
		{A38BF644-0072-48B5-9B21-2A04E6EBB05C}.Debug|x64.ActiveCfg = Debug|x64
		{A38BF644-0072-48B5-9B21-2A04E6EBB05C}.Debug|x64.Build.0 = Debug|x64
		{A38BF644-0072-48B5-9B21-2A04E6EBB05C}.Debug|x86.ActiveCfg = Debug|Win32
		{A38BF644-0072-48B5-9B21-2A04E6EBB05C}.Debug|x86.Build.0 = Debug|Win32
		{A38BF644-0072-48B5-9B21-2A04E6EBB05C}.Release|x64.ActiveCfg = Release|x64
		{A38BF644-0072-48B5-9B21-2A04E6EBB05C}.Release|x64.Build.0 = Release|x64
		{A38BF644-0072-48B5-9B21-2A04E6EBB05C}.Release|x86.ActiveCfg = Release|Win32
		{A38BF644-0072-48B5-9B21-2A04E6EBB05C}.Release|x86.Build.0 = Release|Win32
		{A38BF644-0072-48B5-9B21-2A04E6EBB05C}.Tracy|x64.ActiveCfg = Release|x64
		{A38BF644-0072-48B5-9B21-2A04E6EBB05C}.Tracy|x64.Build.0 = Release|x64
		{A38BF644-0072-48B5-9B21-2A04E6EBB05C}.Tracy|x86.ActiveCfg = Release|Win32
		{A38BF644-0072-48B5-9B21-2A04E6EBB05C}.Tracy|x86.Build.0 = Release|Win32
	EndGlobalSection
	GlobalSection(SolutionProperties) = preSolution
		HideSolutionNode = FALSE
	EndGlobalSection
	GlobalSection(ExtensibilityGlobals) = postSolution
		SolutionGuid = {B342B16A-09E1-4039-A153-6C1D28857536}
	EndGlobalSection
EndGlobal
