<?xml version="1.0" encoding="utf-8"?>
<Project ToolsVersion="4.0" xmlns="http://schemas.microsoft.com/developer/msbuild/2003">
  <ItemGroup>
    <Filter Include="Source Files">
      <UniqueIdentifier>{4FC737F1-C7A5-4376-A066-2A32D752A2FF}</UniqueIdentifier>
      <Extensions>cpp;c;cc;cxx;def;odl;idl;hpj;bat;asm;asmx</Extensions>
    </Filter>
    <Filter Include="Header Files">
      <UniqueIdentifier>{93995380-89BD-4b04-88EB-625FBE52EBFB}</UniqueIdentifier>
      <Extensions>h;hh;hpp;hxx;hm;inl;inc;ipp;xsd</Extensions>
    </Filter>
    <Filter Include="Resource Files">
      <UniqueIdentifier>{67DA6AB6-F800-4c08-8B7A-83BB121AAD01}</UniqueIdentifier>
      <Extensions>rc;ico;cur;bmp;dlg;rc2;rct;bin;rgs;gif;jpg;jpeg;jpe;resx;tiff;tif;png;wav;mfcribbon-ms</Extensions>
    </Filter>
    <Filter Include="Internal Dependencies">
      <UniqueIdentifier>{868d10ff-5b90-4e66-9e6d-baf178a50c5c}</UniqueIdentifier>
    </Filter>
    <Filter Include="Header Files\Editor">
      <UniqueIdentifier>{e874e364-9b9b-4028-858d-01136d9a0a58}</UniqueIdentifier>
    </Filter>
    <Filter Include="Header Files\Editor\Widget">
      <UniqueIdentifier>{7e63eed2-8c94-41f6-a063-b87124496da0}</UniqueIdentifier>
    </Filter>
    <Filter Include="Source Files\Editor">
      <UniqueIdentifier>{b9f4dbb4-06c6-4f11-b5eb-bb34a2e0d143}</UniqueIdentifier>
    </Filter>
    <Filter Include="Source Files\Editor\Widget">
      <UniqueIdentifier>{464d6c4f-4883-485e-b6f9-b1182a0ca529}</UniqueIdentifier>
    </Filter>
  </ItemGroup>
  <ItemGroup>
    <ClCompile Include="src\Main.cpp">
      <Filter>Source Files</Filter>
    </ClCompile>
    <ClCompile Include="src\Editor\Canvas.cpp">
      <Filter>Source Files\Editor</Filter>
    </ClCompile>
    <ClCompile Include="src\Editor\GUIManager.cpp">
      <Filter>Source Files\Editor</Filter>
    </ClCompile>
    <ClCompile Include="src\Editor\Widget\IWidget.cpp">
      <Filter>Source Files\Editor\Widget</Filter>
    </ClCompile>
    <ClCompile Include="src\Editor\Widget\WidgetConsole.cpp">
      <Filter>Source Files\Editor\Widget</Filter>
    </ClCompile>
    <ClCompile Include="src\Editor\Widget\WidgetFileBrowser.cpp">
      <Filter>Source Files\Editor\Widget</Filter>
    </ClCompile>
    <ClCompile Include="src\Editor\Widget\WidgetHierarchy.cpp">
      <Filter>Source Files\Editor\Widget</Filter>
    </ClCompile>
    <ClCompile Include="src\Editor\Widget\WidgetInspector.cpp">
      <Filter>Source Files\Editor\Widget</Filter>
    </ClCompile>
    <ClCompile Include="src\Editor\Widget\WidgetScene.cpp">
      <Filter>Source Files\Editor\Widget</Filter>
    </ClCompile>
    <ClCompile Include="..\Dependencies\glad-4.6\src\glad.c">
      <Filter>Internal Dependencies</Filter>
    </ClCompile>
    <ClCompile Include="..\Dependencies\imgui-1.75\src\imgui\imgui.cpp">
      <Filter>Internal Dependencies</Filter>
    </ClCompile>
    <ClCompile Include="..\Dependencies\imgui-1.75\src\imgui\imgui_demo.cpp">
      <Filter>Internal Dependencies</Filter>
    </ClCompile>
    <ClCompile Include="..\Dependencies\imgui-1.75\src\imgui\imgui_draw.cpp">
      <Filter>Internal Dependencies</Filter>
    </ClCompile>
    <ClCompile Include="..\Dependencies\imgui-1.75\src\imgui\imgui_impl_glfw.cpp">
      <Filter>Internal Dependencies</Filter>
    </ClCompile>
    <ClCompile Include="..\Dependencies\imgui-1.75\src\imgui\imgui_impl_opengl3.cpp">
      <Filter>Internal Dependencies</Filter>
    </ClCompile>
    <ClCompile Include="..\Dependencies\imgui-1.75\src\imgui\imgui_widgets.cpp">
      <Filter>Internal Dependencies</Filter>
    </ClCompile>
  </ItemGroup>
  <ItemGroup>
    <ClInclude Include="include\Editor\Widget\IWidget.h">
      <Filter>Header Files\Editor\Widget</Filter>
    </ClInclude>
    <ClInclude Include="include\Editor\Widget\WidgetConsole.h">
      <Filter>Header Files\Editor\Widget</Filter>
    </ClInclude>
    <ClInclude Include="include\Editor\Widget\WidgetFileBrowser.h">
      <Filter>Header Files\Editor\Widget</Filter>
    </ClInclude>
    <ClInclude Include="include\Editor\Widget\WidgetHierarchy.h">
      <Filter>Header Files\Editor\Widget</Filter>
    </ClInclude>
    <ClInclude Include="include\Editor\Widget\WidgetInspector.h">
      <Filter>Header Files\Editor\Widget</Filter>
    </ClInclude>
    <ClInclude Include="include\Editor\Widget\WidgetScene.h">
      <Filter>Header Files\Editor\Widget</Filter>
    </ClInclude>
    <ClInclude Include="include\Editor\Canvas.hpp">
      <Filter>Header Files\Editor</Filter>
    </ClInclude>
    <ClInclude Include="include\Editor\GUIManager.h">
      <Filter>Header Files\Editor</Filter>
    </ClInclude>
    <ClInclude Include="include\Editor\StringExtension.hpp">
      <Filter>Header Files\Editor</Filter>
    </ClInclude>
    <ClInclude Include="include\Editor\FileSystem.hpp">
      <Filter>Header Files\Editor</Filter>
    </ClInclude>
    <ClInclude Include="include\IRenderable.h">
      <Filter>Header Files\Editor</Filter>
    </ClInclude>
  </ItemGroup>
</Project>