<?xml version="1.0" encoding="utf-8"?>
<Project ToolsVersion="4.0" xmlns="http://schemas.microsoft.com/developer/msbuild/2003">
  <ItemGroup>
    <ClCompile Include="..\Dependencies\glad-4.6\src\glad.c" />
    <ClCompile Include="..\Dependencies\imgui-1.76\src\imgui\imgui.cpp" />
    <ClCompile Include="..\Dependencies\imgui-1.76\src\imgui\imgui_demo.cpp" />
    <ClCompile Include="..\Dependencies\imgui-1.76\src\imgui\imgui_draw.cpp" />
    <ClCompile Include="..\Dependencies\imgui-1.76\src\imgui\imgui_impl_glfw.cpp" />
    <ClCompile Include="..\Dependencies\imgui-1.76\src\imgui\imgui_impl_opengl3.cpp" />
    <ClCompile Include="..\Dependencies\imgui-1.76\src\imgui\imgui_widgets.cpp" />
    <ClCompile Include="src\Editor\Canvas\Canvas.cpp" />
    <ClCompile Include="src\Editor\Canvas\MenuBar.cpp" />
    <ClCompile Include="src\Editor\Datastructure\DrawableComponent.cpp" />
    <ClCompile Include="src\Editor\Datastructure\EditorCamera.cpp" />
    <ClCompile Include="src\Editor\EditorEngine.cpp" />
    <ClCompile Include="src\Editor\GUIManager.cpp" />
    <ClCompile Include="src\Editor\Widgets\AWidget.cpp" />
    <ClCompile Include="src\Editor\Widgets\MenuGroup.cpp" />
    <ClCompile Include="src\Editor\Widgets\MenuItem.cpp" />
    <ClCompile Include="src\Editor\Widgets\Separator.cpp" />
    <ClCompile Include="src\Editor\Window\AWindow.cpp" />
    <ClCompile Include="src\Editor\Window\WindowConsole.cpp" />
    <ClCompile Include="src\Editor\Window\WindowFileBrowser.cpp" />
    <ClCompile Include="src\Editor\Window\WindowHierarchy.cpp" />
    <ClCompile Include="src\Editor\Window\WindowInspector.cpp" />
    <ClCompile Include="src\Editor\Window\WindowProfiler.cpp" />
    <ClCompile Include="src\Editor\Window\WindowScene.cpp" />
    <ClCompile Include="src\Editor\Window\WindowToolbar.cpp" />
    <ClCompile Include="src\Editor\Window\WindowViewport.cpp" />
    <ClCompile Include="src\Main.cpp" />
  </ItemGroup>
  <ItemGroup>
    <ClInclude Include="..\Dependencies\imgui-1.76\include\imgui\imconfig.h" />
    <ClInclude Include="..\Dependencies\imgui-1.76\include\imgui\imgui.h" />
    <ClInclude Include="..\Dependencies\imgui-1.76\include\imgui\imgui_impl_glfw.h" />
    <ClInclude Include="..\Dependencies\imgui-1.76\include\imgui\imgui_impl_opengl3.h" />
    <ClInclude Include="..\Dependencies\imgui-1.76\include\imgui\imgui_internal.h" />
    <ClInclude Include="..\Dependencies\imgui-1.76\include\imgui\imgui_user.h" />
    <ClInclude Include="..\Dependencies\imgui-1.76\include\imgui\imstb_rectpack.h" />
    <ClInclude Include="..\Dependencies\imgui-1.76\include\imgui\imstb_textedit.h" />
    <ClInclude Include="..\Dependencies\imgui-1.76\include\imgui\imstb_truetype.h" />
    <ClInclude Include="include\Editor\Canvas\Canvas.hpp" />
    <ClInclude Include="include\Editor\Canvas\MenuBar.h" />
    <ClInclude Include="include\Editor\Datastructure\Container.hpp" />
    <ClInclude Include="include\Editor\Datastructure\DrawableUIComponent.h" />
    <ClInclude Include="include\Editor\Datastructure\EditorCamera.h" />
    <ClInclude Include="include\Editor\Datastructure\IDrawable.h" />
    <ClInclude Include="include\Editor\EditorEngine.h" />
    <ClInclude Include="include\Editor\GUIManager.h" />
    <ClInclude Include="include\Editor\Widget\AWidget.h" />
    <ClInclude Include="include\Editor\Widget\MenuGroup.h" />
    <ClInclude Include="include\Editor\Widget\MenuItem.h" />
    <ClInclude Include="include\Editor\Widget\Separator.h" />
    <ClInclude Include="include\Editor\Window\AWindow.h" />
    <ClInclude Include="include\Editor\Window\WindowConsole.h" />
    <ClInclude Include="include\Editor\Window\WindowFileBrowser.h" />
    <ClInclude Include="include\Editor\Window\WindowHierarchy.h" />
    <ClInclude Include="include\Editor\Window\WindowInspector.h" />
    <ClInclude Include="include\Editor\Window\WindowProfiler.h" />
    <ClInclude Include="include\Editor\Window\WindowScene.h" />
    <ClInclude Include="include\Editor\Window\WindowToolbar.h" />
    <ClInclude Include="include\Editor\Window\WindowViewport.h" />
  </ItemGroup>
  <ItemGroup>
    <None Include="..\Dependencies\imgui-1.76\include\imgui\imgui_user.inl" />
  </ItemGroup>
  <ItemGroup>
    <None Include="..\Dependencies\imgui-1.75\include\imgui\imgui_user.inl">
      <Filter>Internal Dependencies\imgui\src</Filter>
    </None>
    <None Include="Resources\Shaders\WireframeShader.vert" />
    <None Include="Resources\Shaders\WireframeShader.frag" />
  </ItemGroup>
</Project>